// !$*UTF8*$!
{
	archiveVersion = 1;
	classes = {
	};
	objectVersion = 55;
	objects = {

/* Begin PBXBuildFile section */
		231FCD6B2880A56B0064AAF9 /* AppDelegate.swift in Sources */ = {isa = PBXBuildFile; fileRef = 231FCD6A2880A56B0064AAF9 /* AppDelegate.swift */; };
		231FCD6D2880A56B0064AAF9 /* SceneDelegate.swift in Sources */ = {isa = PBXBuildFile; fileRef = 231FCD6C2880A56B0064AAF9 /* SceneDelegate.swift */; };
		231FCD6F2880A56B0064AAF9 /* ViewController.swift in Sources */ = {isa = PBXBuildFile; fileRef = 231FCD6E2880A56B0064AAF9 /* ViewController.swift */; };
		231FCD722880A56B0064AAF9 /* Main.storyboard in Resources */ = {isa = PBXBuildFile; fileRef = 231FCD702880A56B0064AAF9 /* Main.storyboard */; };
		231FCD752880A56B0064AAF9 /* always_fresh.xcdatamodeld in Sources */ = {isa = PBXBuildFile; fileRef = 231FCD732880A56B0064AAF9 /* always_fresh.xcdatamodeld */; };
		231FCD772880A56E0064AAF9 /* Assets.xcassets in Resources */ = {isa = PBXBuildFile; fileRef = 231FCD762880A56E0064AAF9 /* Assets.xcassets */; };
		231FCD7A2880A56E0064AAF9 /* LaunchScreen.storyboard in Resources */ = {isa = PBXBuildFile; fileRef = 231FCD782880A56E0064AAF9 /* LaunchScreen.storyboard */; };
		231FCD872880B5860064AAF9 /* RecipeViewController.swift in Sources */ = {isa = PBXBuildFile; fileRef = 231FCD862880B5860064AAF9 /* RecipeViewController.swift */; };
		231FCD892880B59E0064AAF9 /* ItemViewController.swift in Sources */ = {isa = PBXBuildFile; fileRef = 231FCD882880B59E0064AAF9 /* ItemViewController.swift */; };
/* End PBXBuildFile section */

/* Begin PBXFileReference section */
		231FCD672880A56B0064AAF9 /* always-fresh.app */ = {isa = PBXFileReference; explicitFileType = wrapper.application; includeInIndex = 0; path = "always-fresh.app"; sourceTree = BUILT_PRODUCTS_DIR; };
		231FCD6A2880A56B0064AAF9 /* AppDelegate.swift */ = {isa = PBXFileReference; lastKnownFileType = sourcecode.swift; path = AppDelegate.swift; sourceTree = "<group>"; };
		231FCD6C2880A56B0064AAF9 /* SceneDelegate.swift */ = {isa = PBXFileReference; lastKnownFileType = sourcecode.swift; path = SceneDelegate.swift; sourceTree = "<group>"; };
		231FCD6E2880A56B0064AAF9 /* ViewController.swift */ = {isa = PBXFileReference; lastKnownFileType = sourcecode.swift; path = ViewController.swift; sourceTree = "<group>"; };
		231FCD712880A56B0064AAF9 /* Base */ = {isa = PBXFileReference; lastKnownFileType = file.storyboard; name = Base; path = Base.lproj/Main.storyboard; sourceTree = "<group>"; };
		231FCD742880A56B0064AAF9 /* always_fresh.xcdatamodel */ = {isa = PBXFileReference; lastKnownFileType = wrapper.xcdatamodel; path = always_fresh.xcdatamodel; sourceTree = "<group>"; };
		231FCD762880A56E0064AAF9 /* Assets.xcassets */ = {isa = PBXFileReference; lastKnownFileType = folder.assetcatalog; path = Assets.xcassets; sourceTree = "<group>"; };
		231FCD792880A56E0064AAF9 /* Base */ = {isa = PBXFileReference; lastKnownFileType = file.storyboard; name = Base; path = Base.lproj/LaunchScreen.storyboard; sourceTree = "<group>"; };
		231FCD7B2880A56E0064AAF9 /* Info.plist */ = {isa = PBXFileReference; lastKnownFileType = text.plist.xml; path = Info.plist; sourceTree = "<group>"; };
		231FCD862880B5860064AAF9 /* RecipeViewController.swift */ = {isa = PBXFileReference; lastKnownFileType = sourcecode.swift; path = RecipeViewController.swift; sourceTree = "<group>"; };
		231FCD882880B59E0064AAF9 /* ItemViewController.swift */ = {isa = PBXFileReference; lastKnownFileType = sourcecode.swift; path = ItemViewController.swift; sourceTree = "<group>"; };
/* End PBXFileReference section */

/* Begin PBXFrameworksBuildPhase section */
		231FCD642880A56B0064AAF9 /* Frameworks */ = {
			isa = PBXFrameworksBuildPhase;
			buildActionMask = 2147483647;
			files = (
			);
			runOnlyForDeploymentPostprocessing = 0;
		};
/* End PBXFrameworksBuildPhase section */

/* Begin PBXGroup section */
		231FCD5E2880A56B0064AAF9 = {
			isa = PBXGroup;
			children = (
				231FCD692880A56B0064AAF9 /* always-fresh */,
				231FCD682880A56B0064AAF9 /* Products */,
			);
			sourceTree = "<group>";
		};
		231FCD682880A56B0064AAF9 /* Products */ = {
			isa = PBXGroup;
			children = (
				231FCD672880A56B0064AAF9 /* always-fresh.app */,
			);
			name = Products;
			sourceTree = "<group>";
		};
		231FCD692880A56B0064AAF9 /* always-fresh */ = {
			isa = PBXGroup;
			children = (
				231FCD832880B4C40064AAF9 /* Controller */,
				231FCD822880B4BF0064AAF9 /* Model */,
				231FCD812880B4B80064AAF9 /* View */,
				231FCD6A2880A56B0064AAF9 /* AppDelegate.swift */,
				231FCD6C2880A56B0064AAF9 /* SceneDelegate.swift */,
				231FCD762880A56E0064AAF9 /* Assets.xcassets */,
				231FCD7B2880A56E0064AAF9 /* Info.plist */,
				231FCD732880A56B0064AAF9 /* always_fresh.xcdatamodeld */,
			);
			path = "always-fresh";
			sourceTree = "<group>";
		};
		231FCD812880B4B80064AAF9 /* View */ = {
			isa = PBXGroup;
			children = (
				231FCD782880A56E0064AAF9 /* LaunchScreen.storyboard */,
				231FCD702880A56B0064AAF9 /* Main.storyboard */,
			);
			path = View;
			sourceTree = "<group>";
		};
		231FCD822880B4BF0064AAF9 /* Model */ = {
			isa = PBXGroup;
			children = (
			);
			path = Model;
			sourceTree = "<group>";
		};
		231FCD832880B4C40064AAF9 /* Controller */ = {
			isa = PBXGroup;
			children = (
				231FCD6E2880A56B0064AAF9 /* ViewController.swift */,
				231FCD862880B5860064AAF9 /* RecipeViewController.swift */,
				231FCD882880B59E0064AAF9 /* ItemViewController.swift */,
			);
			path = Controller;
			sourceTree = "<group>";
		};
/* End PBXGroup section */

/* Begin PBXNativeTarget section */
		231FCD662880A56B0064AAF9 /* always-fresh */ = {
			isa = PBXNativeTarget;
			buildConfigurationList = 231FCD7E2880A56E0064AAF9 /* Build configuration list for PBXNativeTarget "always-fresh" */;
			buildPhases = (
				231FCD632880A56B0064AAF9 /* Sources */,
				231FCD642880A56B0064AAF9 /* Frameworks */,
				231FCD652880A56B0064AAF9 /* Resources */,
			);
			buildRules = (
			);
			dependencies = (
			);
			name = "always-fresh";
			productName = "always-fresh";
			productReference = 231FCD672880A56B0064AAF9 /* always-fresh.app */;
			productType = "com.apple.product-type.application";
		};
/* End PBXNativeTarget section */

/* Begin PBXProject section */
		231FCD5F2880A56B0064AAF9 /* Project object */ = {
			isa = PBXProject;
			attributes = {
				BuildIndependentTargetsInParallel = 1;
				LastSwiftUpdateCheck = 1340;
				LastUpgradeCheck = 1340;
				TargetAttributes = {
					231FCD662880A56B0064AAF9 = {
						CreatedOnToolsVersion = 13.4.1;
					};
				};
			};
			buildConfigurationList = 231FCD622880A56B0064AAF9 /* Build configuration list for PBXProject "always-fresh" */;
			compatibilityVersion = "Xcode 13.0";
			developmentRegion = en;
			hasScannedForEncodings = 0;
			knownRegions = (
				en,
				Base,
			);
			mainGroup = 231FCD5E2880A56B0064AAF9;
			productRefGroup = 231FCD682880A56B0064AAF9 /* Products */;
			projectDirPath = "";
			projectRoot = "";
			targets = (
				231FCD662880A56B0064AAF9 /* always-fresh */,
			);
		};
/* End PBXProject section */

/* Begin PBXResourcesBuildPhase section */
		231FCD652880A56B0064AAF9 /* Resources */ = {
			isa = PBXResourcesBuildPhase;
			buildActionMask = 2147483647;
			files = (
				231FCD7A2880A56E0064AAF9 /* LaunchScreen.storyboard in Resources */,
				231FCD772880A56E0064AAF9 /* Assets.xcassets in Resources */,
				231FCD722880A56B0064AAF9 /* Main.storyboard in Resources */,
			);
			runOnlyForDeploymentPostprocessing = 0;
		};
/* End PBXResourcesBuildPhase section */

/* Begin PBXSourcesBuildPhase section */
		231FCD632880A56B0064AAF9 /* Sources */ = {
			isa = PBXSourcesBuildPhase;
			buildActionMask = 2147483647;
			files = (
				231FCD6F2880A56B0064AAF9 /* ViewController.swift in Sources */,
				231FCD752880A56B0064AAF9 /* always_fresh.xcdatamodeld in Sources */,
				231FCD872880B5860064AAF9 /* RecipeViewController.swift in Sources */,
				231FCD6B2880A56B0064AAF9 /* AppDelegate.swift in Sources */,
				231FCD6D2880A56B0064AAF9 /* SceneDelegate.swift in Sources */,
				231FCD892880B59E0064AAF9 /* ItemViewController.swift in Sources */,
			);
			runOnlyForDeploymentPostprocessing = 0;
		};
/* End PBXSourcesBuildPhase section */

/* Begin PBXVariantGroup section */
		231FCD702880A56B0064AAF9 /* Main.storyboard */ = {
			isa = PBXVariantGroup;
			children = (
				231FCD712880A56B0064AAF9 /* Base */,
			);
			name = Main.storyboard;
			sourceTree = "<group>";
		};
		231FCD782880A56E0064AAF9 /* LaunchScreen.storyboard */ = {
			isa = PBXVariantGroup;
			children = (
				231FCD792880A56E0064AAF9 /* Base */,
			);
			name = LaunchScreen.storyboard;
			sourceTree = "<group>";
		};
/* End PBXVariantGroup section */

/* Begin XCBuildConfiguration section */
		231FCD7C2880A56E0064AAF9 /* Debug */ = {
			isa = XCBuildConfiguration;
			buildSettings = {
				ALWAYS_SEARCH_USER_PATHS = NO;
				CLANG_ANALYZER_NONNULL = YES;
				CLANG_ANALYZER_NUMBER_OBJECT_CONVERSION = YES_AGGRESSIVE;
				CLANG_CXX_LANGUAGE_STANDARD = "gnu++17";
				CLANG_ENABLE_MODULES = YES;
				CLANG_ENABLE_OBJC_ARC = YES;
				CLANG_ENABLE_OBJC_WEAK = YES;
				CLANG_WARN_BLOCK_CAPTURE_AUTORELEASING = YES;
				CLANG_WARN_BOOL_CONVERSION = YES;
				CLANG_WARN_COMMA = YES;
				CLANG_WARN_CONSTANT_CONVERSION = YES;
				CLANG_WARN_DEPRECATED_OBJC_IMPLEMENTATIONS = YES;
				CLANG_WARN_DIRECT_OBJC_ISA_USAGE = YES_ERROR;
				CLANG_WARN_DOCUMENTATION_COMMENTS = YES;
				CLANG_WARN_EMPTY_BODY = YES;
				CLANG_WARN_ENUM_CONVERSION = YES;
				CLANG_WARN_INFINITE_RECURSION = YES;
				CLANG_WARN_INT_CONVERSION = YES;
				CLANG_WARN_NON_LITERAL_NULL_CONVERSION = YES;
				CLANG_WARN_OBJC_IMPLICIT_RETAIN_SELF = YES;
				CLANG_WARN_OBJC_LITERAL_CONVERSION = YES;
				CLANG_WARN_OBJC_ROOT_CLASS = YES_ERROR;
				CLANG_WARN_QUOTED_INCLUDE_IN_FRAMEWORK_HEADER = YES;
				CLANG_WARN_RANGE_LOOP_ANALYSIS = YES;
				CLANG_WARN_STRICT_PROTOTYPES = YES;
				CLANG_WARN_SUSPICIOUS_MOVE = YES;
				CLANG_WARN_UNGUARDED_AVAILABILITY = YES_AGGRESSIVE;
				CLANG_WARN_UNREACHABLE_CODE = YES;
				CLANG_WARN__DUPLICATE_METHOD_MATCH = YES;
				COPY_PHASE_STRIP = NO;
				DEBUG_INFORMATION_FORMAT = dwarf;
				ENABLE_STRICT_OBJC_MSGSEND = YES;
				ENABLE_TESTABILITY = YES;
				GCC_C_LANGUAGE_STANDARD = gnu11;
				GCC_DYNAMIC_NO_PIC = NO;
				GCC_NO_COMMON_BLOCKS = YES;
				GCC_OPTIMIZATION_LEVEL = 0;
				GCC_PREPROCESSOR_DEFINITIONS = (
					"DEBUG=1",
					"$(inherited)",
				);
				GCC_WARN_64_TO_32_BIT_CONVERSION = YES;
				GCC_WARN_ABOUT_RETURN_TYPE = YES_ERROR;
				GCC_WARN_UNDECLARED_SELECTOR = YES;
				GCC_WARN_UNINITIALIZED_AUTOS = YES_AGGRESSIVE;
				GCC_WARN_UNUSED_FUNCTION = YES;
				GCC_WARN_UNUSED_VARIABLE = YES;
				IPHONEOS_DEPLOYMENT_TARGET = 15.5;
				MTL_ENABLE_DEBUG_INFO = INCLUDE_SOURCE;
				MTL_FAST_MATH = YES;
				ONLY_ACTIVE_ARCH = YES;
				SDKROOT = iphoneos;
				SWIFT_ACTIVE_COMPILATION_CONDITIONS = DEBUG;
				SWIFT_OPTIMIZATION_LEVEL = "-Onone";
			};
			name = Debug;
		};
		231FCD7D2880A56E0064AAF9 /* Release */ = {
			isa = XCBuildConfiguration;
			buildSettings = {
				ALWAYS_SEARCH_USER_PATHS = NO;
				CLANG_ANALYZER_NONNULL = YES;
				CLANG_ANALYZER_NUMBER_OBJECT_CONVERSION = YES_AGGRESSIVE;
				CLANG_CXX_LANGUAGE_STANDARD = "gnu++17";
				CLANG_ENABLE_MODULES = YES;
				CLANG_ENABLE_OBJC_ARC = YES;
				CLANG_ENABLE_OBJC_WEAK = YES;
				CLANG_WARN_BLOCK_CAPTURE_AUTORELEASING = YES;
				CLANG_WARN_BOOL_CONVERSION = YES;
				CLANG_WARN_COMMA = YES;
				CLANG_WARN_CONSTANT_CONVERSION = YES;
				CLANG_WARN_DEPRECATED_OBJC_IMPLEMENTATIONS = YES;
				CLANG_WARN_DIRECT_OBJC_ISA_USAGE = YES_ERROR;
				CLANG_WARN_DOCUMENTATION_COMMENTS = YES;
				CLANG_WARN_EMPTY_BODY = YES;
				CLANG_WARN_ENUM_CONVERSION = YES;
				CLANG_WARN_INFINITE_RECURSION = YES;
				CLANG_WARN_INT_CONVERSION = YES;
				CLANG_WARN_NON_LITERAL_NULL_CONVERSION = YES;
				CLANG_WARN_OBJC_IMPLICIT_RETAIN_SELF = YES;
				CLANG_WARN_OBJC_LITERAL_CONVERSION = YES;
				CLANG_WARN_OBJC_ROOT_CLASS = YES_ERROR;
				CLANG_WARN_QUOTED_INCLUDE_IN_FRAMEWORK_HEADER = YES;
				CLANG_WARN_RANGE_LOOP_ANALYSIS = YES;
				CLANG_WARN_STRICT_PROTOTYPES = YES;
				CLANG_WARN_SUSPICIOUS_MOVE = YES;
				CLANG_WARN_UNGUARDED_AVAILABILITY = YES_AGGRESSIVE;
				CLANG_WARN_UNREACHABLE_CODE = YES;
				CLANG_WARN__DUPLICATE_METHOD_MATCH = YES;
				COPY_PHASE_STRIP = NO;
				DEBUG_INFORMATION_FORMAT = "dwarf-with-dsym";
				ENABLE_NS_ASSERTIONS = NO;
				ENABLE_STRICT_OBJC_MSGSEND = YES;
				GCC_C_LANGUAGE_STANDARD = gnu11;
				GCC_NO_COMMON_BLOCKS = YES;
				GCC_WARN_64_TO_32_BIT_CONVERSION = YES;
				GCC_WARN_ABOUT_RETURN_TYPE = YES_ERROR;
				GCC_WARN_UNDECLARED_SELECTOR = YES;
				GCC_WARN_UNINITIALIZED_AUTOS = YES_AGGRESSIVE;
				GCC_WARN_UNUSED_FUNCTION = YES;
				GCC_WARN_UNUSED_VARIABLE = YES;
				IPHONEOS_DEPLOYMENT_TARGET = 15.5;
				MTL_ENABLE_DEBUG_INFO = NO;
				MTL_FAST_MATH = YES;
				SDKROOT = iphoneos;
				SWIFT_COMPILATION_MODE = wholemodule;
				SWIFT_OPTIMIZATION_LEVEL = "-O";
				VALIDATE_PRODUCT = YES;
			};
			name = Release;
		};
		231FCD7F2880A56E0064AAF9 /* Debug */ = {
			isa = XCBuildConfiguration;
			buildSettings = {
				ASSETCATALOG_COMPILER_APPICON_NAME = AppIcon;
				ASSETCATALOG_COMPILER_GLOBAL_ACCENT_COLOR_NAME = AccentColor;
				CODE_SIGN_STYLE = Automatic;
				CURRENT_PROJECT_VERSION = 1;
				DEVELOPMENT_TEAM = 65K7M3JKMM;
				GENERATE_INFOPLIST_FILE = YES;
				INFOPLIST_FILE = "always-fresh/Info.plist";
				INFOPLIST_KEY_UIApplicationSupportsIndirectInputEvents = YES;
				INFOPLIST_KEY_UILaunchStoryboardName = LaunchScreen;
				INFOPLIST_KEY_UIMainStoryboardFile = Main;
				INFOPLIST_KEY_UISupportedInterfaceOrientations_iPad = "UIInterfaceOrientationPortrait UIInterfaceOrientationPortraitUpsideDown UIInterfaceOrientationLandscapeLeft UIInterfaceOrientationLandscapeRight";
				INFOPLIST_KEY_UISupportedInterfaceOrientations_iPhone = "UIInterfaceOrientationPortrait UIInterfaceOrientationLandscapeLeft UIInterfaceOrientationLandscapeRight";
				LD_RUNPATH_SEARCH_PATHS = (
					"$(inherited)",
					"@executable_path/Frameworks",
				);
				MARKETING_VERSION = 1.0;
				PRODUCT_BUNDLE_IDENTIFIER = "com.vanessacui.always-fresh";
				PRODUCT_NAME = "$(TARGET_NAME)";
				SWIFT_EMIT_LOC_STRINGS = YES;
				SWIFT_VERSION = 5.0;
				TARGETED_DEVICE_FAMILY = "1,2";
			};
			name = Debug;
		};
		231FCD802880A56E0064AAF9 /* Release */ = {
			isa = XCBuildConfiguration;
			buildSettings = {
				ASSETCATALOG_COMPILER_APPICON_NAME = AppIcon;
				ASSETCATALOG_COMPILER_GLOBAL_ACCENT_COLOR_NAME = AccentColor;
				CODE_SIGN_STYLE = Automatic;
				CURRENT_PROJECT_VERSION = 1;
				DEVELOPMENT_TEAM = 65K7M3JKMM;
				GENERATE_INFOPLIST_FILE = YES;
				INFOPLIST_FILE = "always-fresh/Info.plist";
				INFOPLIST_KEY_UIApplicationSupportsIndirectInputEvents = YES;
				INFOPLIST_KEY_UILaunchStoryboardName = LaunchScreen;
				INFOPLIST_KEY_UIMainStoryboardFile = Main;
				INFOPLIST_KEY_UISupportedInterfaceOrientations_iPad = "UIInterfaceOrientationPortrait UIInterfaceOrientationPortraitUpsideDown UIInterfaceOrientationLandscapeLeft UIInterfaceOrientationLandscapeRight";
				INFOPLIST_KEY_UISupportedInterfaceOrientations_iPhone = "UIInterfaceOrientationPortrait UIInterfaceOrientationLandscapeLeft UIInterfaceOrientationLandscapeRight";
				LD_RUNPATH_SEARCH_PATHS = (
					"$(inherited)",
					"@executable_path/Frameworks",
				);
				MARKETING_VERSION = 1.0;
				PRODUCT_BUNDLE_IDENTIFIER = "com.vanessacui.always-fresh";
				PRODUCT_NAME = "$(TARGET_NAME)";
				SWIFT_EMIT_LOC_STRINGS = YES;
				SWIFT_VERSION = 5.0;
				TARGETED_DEVICE_FAMILY = "1,2";
			};
			name = Release;
		};
/* End XCBuildConfiguration section */

/* Begin XCConfigurationList section */
		231FCD622880A56B0064AAF9 /* Build configuration list for PBXProject "always-fresh" */ = {
			isa = XCConfigurationList;
			buildConfigurations = (
				231FCD7C2880A56E0064AAF9 /* Debug */,
				231FCD7D2880A56E0064AAF9 /* Release */,
			);
			defaultConfigurationIsVisible = 0;
			defaultConfigurationName = Release;
		};
		231FCD7E2880A56E0064AAF9 /* Build configuration list for PBXNativeTarget "always-fresh" */ = {
			isa = XCConfigurationList;
			buildConfigurations = (
				231FCD7F2880A56E0064AAF9 /* Debug */,
				231FCD802880A56E0064AAF9 /* Release */,
			);
			defaultConfigurationIsVisible = 0;
			defaultConfigurationName = Release;
		};
/* End XCConfigurationList section */

/* Begin XCVersionGroup section */
		231FCD732880A56B0064AAF9 /* always_fresh.xcdatamodeld */ = {
			isa = XCVersionGroup;
			children = (
				231FCD742880A56B0064AAF9 /* always_fresh.xcdatamodel */,
			);
			currentVersion = 231FCD742880A56B0064AAF9 /* always_fresh.xcdatamodel */;
			path = always_fresh.xcdatamodeld;
			sourceTree = "<group>";
			versionGroupType = wrapper.xcdatamodel;
		};
/* End XCVersionGroup section */
	};
	rootObject = 231FCD5F2880A56B0064AAF9 /* Project object */;
}
